# This file is autogenerated, do not edit; changes may be undone by the next 'dep ensure'.


[[projects]]
  branch = "master"
  name = "github.com/emersion/go-sasl"
  packages = ["."]
  revision = "7e096a0a6197b89989e8cc31016daa67c8c62051"

[[projects]]
  branch = "master"
  name = "github.com/emersion/go-smtp"
  packages = ["."]
  revision = "592cbda523faa1cbe7089c2997534a4a5a22986a"

[[projects]]
  name = "github.com/google/uuid"
  packages = ["."]
  revision = "064e2069ce9c359c118179501254f67d7d37ba24"
  version = "0.2"

[[projects]]
  name = "github.com/rs/zerolog"
  packages = [".","internal/cbor","internal/json"]
  revision = "05eafee0eb17d0150591a8f30f0fa592cc9b7471"
  version = "v1.6.0"

[[projects]]
  name = "github.com/sendgrid/rest"
  packages = ["."]
  revision = "306b9bef57dc36f3435ccfcc08fe6ae2c6920344"
  version = "v2.4.1"

[[projects]]
  name = "github.com/sendgrid/sendgrid-go"
  packages = [".","helpers/mail"]
  revision = "8caf17aa96b4a98bae8bd216878dd50ff12897b5"
  version = "v3.4.1"

[[projects]]
  name = "github.com/tommy351/zap-stackdriver"
  packages = ["."]
  revision = "5dfa6ebac3404e19da22e4bad7ca47e94de1756d"
  version = "v0.1.0"

[[projects]]
  name = "go.uber.org/atomic"
  packages = ["."]
  revision = "1ea20fb1cbb1cc08cbd0d913a96dead89aa18289"
  version = "v1.3.2"

[[projects]]
  name = "go.uber.org/multierr"
  packages = ["."]
  revision = "3c4937480c32f4c13a875a1829af76c98ca3d40a"
  version = "v1.1.0"

[[projects]]
  name = "go.uber.org/zap"
  packages = [".","buffer","internal/bufferpool","internal/color","internal/exit","zapcore"]
  revision = "eeedf312bc6c57391d84767a4cd413f02a917974"
  version = "v1.8.0"

[solve-meta]
  analyzer-name = "dep"
  analyzer-version = 1
  inputs-digest = "aa2d6b7a44f932266088378176e2df55593cc24c6cb76e26a780ab87a3b74ab4"
  solver-name = "gps-cdcl"
  solver-version = 1
